
# This file is automatically @generated by Cargo.
# It is not intended for manual editing.
version = 3

[[package]]
name = "aes"
version = "0.8.2"
source = "registry+https://github.com/rust-lang/crates.io-index"
checksum = "433cfd6710c9986c576a25ca913c39d66a6474107b406f34f91d4a8923395241"
dependencies = [
 "cfg-if",
 "cipher",
 "cpufeatures",
]

[[package]]
name = "anymap2"
version = "0.13.0"
source = "registry+https://github.com/rust-lang/crates.io-index"
checksum = "d301b3b94cb4b2f23d7917810addbbaff90738e0ca2be692bd027e70d7e0330c"

[[package]]
name = "async-trait"
version = "0.1.67"
source = "registry+https://github.com/rust-lang/crates.io-index"
checksum = "86ea188f25f0255d8f92797797c97ebf5631fa88178beb1a46fdf5622c9a00e4"
dependencies = [
 "proc-macro2",
 "quote",
 "syn 2.0.8",
]

[[package]]
name = "autocfg"
version = "1.1.0"
source = "registry+https://github.com/rust-lang/crates.io-index"
checksum = "d468802bab17cbc0cc575e9b053f41e72aa36bfa6b7f55e3529ffa43161b97fa"

[[package]]
name = "base64"
version = "0.13.1"
source = "registry+https://github.com/rust-lang/crates.io-index"
checksum = "9e1b586273c5702936fe7b7d6896644d8be71e6314cfe09d3167c95f712589e8"

[[package]]
name = "base64"
version = "0.21.0"
source = "registry+https://github.com/rust-lang/crates.io-index"
checksum = "a4a4ddaa51a5bc52a6948f74c06d20aaaddb71924eab79b8c97a8c556e942d6a"

[[package]]
name = "bdk"
version = "0.27.1"
source = "registry+https://github.com/rust-lang/crates.io-index"
checksum = "51c878ac60a45c41523ff790df555ccb1fbfd634a667220104dcae3e64d7ed9f"
dependencies = [
 "async-trait",
 "bdk-macros",
 "bitcoin",
 "getrandom",
 "js-sys",
 "log",
 "miniscript",
 "rand",
 "serde",
 "serde_json",
 "tokio",
]

[[package]]
name = "bdk-macros"
version = "0.6.0"
source = "registry+https://github.com/rust-lang/crates.io-index"
checksum = "81c1980e50ae23bb6efa9283ae8679d6ea2c6fa6a99fe62533f65f4a25a1a56c"
dependencies = [
 "proc-macro2",
 "quote",